
Microsoft Visual Studio Solution File, Format Version 12.00
# Visual Studio Version 17
VisualStudioVersion = 17.0.32112.339
MinimumVisualStudioVersion = 10.0.40219.1
Project("{9A19103F-16F7-4668-BE54-9A1E7A4F7556}") = "MasterthesisGHA", "MasterthesisGHA\MasterthesisGHA.csproj", "{ED486498-F8E6-4440-980F-182ED48CEBEC}"
EndProject
Global
	GlobalSection(SolutionConfigurationPlatforms) = preSolution
		Debug|Any CPU = Debug|Any CPU
		Release|Any CPU = Release|Any CPU
	EndGlobalSection
	GlobalSection(ProjectConfigurationPlatforms) = postSolution
		{ED486498-F8E6-4440-980F-182ED48CEBEC}.Debug|Any CPU.ActiveCfg = Debug|Any CPU
		{ED486498-F8E6-4440-980F-182ED48CEBEC}.Debug|Any CPU.Build.0 = Debug|Any CPU
		{ED486498-F8E6-4440-980F-182ED48CEBEC}.Release|Any CPU.ActiveCfg = Release|Any CPU
		{ED486498-F8E6-4440-980F-182ED48CEBEC}.Release|Any CPU.Build.0 = Release|Any CPU
	EndGlobalSection
	GlobalSection(SolutionProperties) = preSolution
		HideSolutionNode = FALSE
	EndGlobalSection
	GlobalSection(ExtensibilityGlobals) = postSolution
		SolutionGuid = {41E32E0B-2520-4C55-8960-EB3734E847D7}
	EndGlobalSection
EndGlobal
